
Microsoft Visual Studio Solution File, Format Version 12.00
# Visual Studio Version 17
VisualStudioVersion = 17.0.31919.166
MinimumVisualStudioVersion = 10.0.40219.1
Project("{FAE04EC0-301F-11D3-BF4B-00C04F79EFBC}") = "PCManager", "PCManager\PCManager.csproj", "{2E9F4D18-9C75-49E6-A59B-B7C575603164}"
EndProject
Project("{54435603-DBB4-11D2-8724-00A0C9A8B90C}") = "PCManager Application", "PCManager Application\PCManager Application.vdproj", "{7ADAB6A3-2F79-4E38-B280-8C4015EA4BC4}"
EndProject
Global
	GlobalSection(SolutionConfigurationPlatforms) = preSolution
		Debug|Any CPU = Debug|Any CPU
		Release|Any CPU = Release|Any CPU
	EndGlobalSection
	GlobalSection(ProjectConfigurationPlatforms) = postSolution
		{2E9F4D18-9C75-49E6-A59B-B7C575603164}.Debug|Any CPU.ActiveCfg = Debug|Any CPU
		{2E9F4D18-9C75-49E6-A59B-B7C575603164}.Debug|Any CPU.Build.0 = Debug|Any CPU
		{2E9F4D18-9C75-49E6-A59B-B7C575603164}.Release|Any CPU.ActiveCfg = Release|Any CPU
		{2E9F4D18-9C75-49E6-A59B-B7C575603164}.Release|Any CPU.Build.0 = Release|Any CPU
		{7ADAB6A3-2F79-4E38-B280-8C4015EA4BC4}.Debug|Any CPU.ActiveCfg = Debug
		{7ADAB6A3-2F79-4E38-B280-8C4015EA4BC4}.Release|Any CPU.ActiveCfg = Release
	EndGlobalSection
	GlobalSection(SolutionProperties) = preSolution
		HideSolutionNode = FALSE
	EndGlobalSection
	GlobalSection(ExtensibilityGlobals) = postSolution
		SolutionGuid = {7E93DE60-57B9-4D26-99E5-F29C8389B7A8}
	EndGlobalSection
EndGlobal
